
Microsoft Visual Studio Solution File, Format Version 12.00
# Visual Studio 2013
VisualStudioVersion = 12.0.40629.0
MinimumVisualStudioVersion = 10.0.40219.1
Project("{2150E333-8FDC-42A3-9474-1A3956D46DE8}") = "Solution Items", "Solution Items", "{402189C2-1645-44C1-BF70-5760FB5CF458}"
	ProjectSection(SolutionItems) = preProject
		todo.txt = todo.txt
		temp\toolkit.chm = temp\toolkit.chm
	EndProjectSection
EndProject
Project("{FAE04EC0-301F-11D3-BF4B-00C04F79EFBC}") = "Epanet", "Epanet\Epanet.csproj", "{F3001D0D-515D-43B5-B7A0-D77E112CB114}"
EndProject
Project("{FAE04EC0-301F-11D3-BF4B-00C04F79EFBC}") = "EpanetCLI", "EpanetCLI\EpanetCLI.csproj", "{C520A086-50C7-41CD-9950-4A55FAB15F6A}"
EndProject
Project("{FAE04EC0-301F-11D3-BF4B-00C04F79EFBC}") = "SampleOopNetwork", "SampleOopNetwork\SampleOopNetwork.csproj", "{D411CB38-CDF0-4BD1-9C83-57B5281965FB}"
EndProject
Project("{FAE04EC0-301F-11D3-BF4B-00C04F79EFBC}") = "SampleOopNetworkDyn", "SampleOopNetworkDyn\SampleOopNetworkDyn.csproj", "{98394E7E-03CA-4E75-B2B6-EC201ABC2049}"
EndProject
Project("{FAE04EC0-301F-11D3-BF4B-00C04F79EFBC}") = "EpanetGUI", "EpanetGUI\EpanetGUI.csproj", "{CEE3E2E6-58DB-4F65-827D-B1854E6FBBF0}"
EndProject
Global
	GlobalSection(SolutionConfigurationPlatforms) = preSolution
		Debug|Any CPU = Debug|Any CPU
		Debug|Mixed Platforms = Debug|Mixed Platforms
		Debug|x64 = Debug|x64
		Debug|x86 = Debug|x86
		Release|Any CPU = Release|Any CPU
		Release|Mixed Platforms = Release|Mixed Platforms
		Release|x64 = Release|x64
		Release|x86 = Release|x86
	EndGlobalSection
	GlobalSection(ProjectConfigurationPlatforms) = postSolution
		{F3001D0D-515D-43B5-B7A0-D77E112CB114}.Debug|Any CPU.ActiveCfg = Debug|Any CPU
		{F3001D0D-515D-43B5-B7A0-D77E112CB114}.Debug|Any CPU.Build.0 = Debug|Any CPU
		{F3001D0D-515D-43B5-B7A0-D77E112CB114}.Debug|Mixed Platforms.ActiveCfg = Debug|Any CPU
		{F3001D0D-515D-43B5-B7A0-D77E112CB114}.Debug|Mixed Platforms.Build.0 = Debug|Any CPU
		{F3001D0D-515D-43B5-B7A0-D77E112CB114}.Debug|x64.ActiveCfg = Debug|Any CPU
		{F3001D0D-515D-43B5-B7A0-D77E112CB114}.Debug|x86.ActiveCfg = Debug|Any CPU
		{F3001D0D-515D-43B5-B7A0-D77E112CB114}.Debug|x86.Build.0 = Debug|Any CPU
		{F3001D0D-515D-43B5-B7A0-D77E112CB114}.Release|Any CPU.ActiveCfg = Release|Any CPU
		{F3001D0D-515D-43B5-B7A0-D77E112CB114}.Release|Any CPU.Build.0 = Release|Any CPU
		{F3001D0D-515D-43B5-B7A0-D77E112CB114}.Release|Mixed Platforms.ActiveCfg = Release|Any CPU
		{F3001D0D-515D-43B5-B7A0-D77E112CB114}.Release|Mixed Platforms.Build.0 = Release|Any CPU
		{F3001D0D-515D-43B5-B7A0-D77E112CB114}.Release|x64.ActiveCfg = Release|Any CPU
		{F3001D0D-515D-43B5-B7A0-D77E112CB114}.Release|x86.ActiveCfg = Release|Any CPU
		{C520A086-50C7-41CD-9950-4A55FAB15F6A}.Debug|Any CPU.ActiveCfg = Debug|Any CPU
		{C520A086-50C7-41CD-9950-4A55FAB15F6A}.Debug|Any CPU.Build.0 = Debug|Any CPU
		{C520A086-50C7-41CD-9950-4A55FAB15F6A}.Debug|Mixed Platforms.ActiveCfg = Debug|Any CPU
		{C520A086-50C7-41CD-9950-4A55FAB15F6A}.Debug|Mixed Platforms.Build.0 = Debug|Any CPU
		{C520A086-50C7-41CD-9950-4A55FAB15F6A}.Debug|x64.ActiveCfg = Debug|Any CPU
		{C520A086-50C7-41CD-9950-4A55FAB15F6A}.Debug|x86.ActiveCfg = Debug|Any CPU
		{C520A086-50C7-41CD-9950-4A55FAB15F6A}.Release|Any CPU.ActiveCfg = Release|Any CPU
		{C520A086-50C7-41CD-9950-4A55FAB15F6A}.Release|Any CPU.Build.0 = Release|Any CPU
		{C520A086-50C7-41CD-9950-4A55FAB15F6A}.Release|Mixed Platforms.ActiveCfg = Release|Any CPU
		{C520A086-50C7-41CD-9950-4A55FAB15F6A}.Release|Mixed Platforms.Build.0 = Release|Any CPU
		{C520A086-50C7-41CD-9950-4A55FAB15F6A}.Release|x64.ActiveCfg = Release|Any CPU
		{C520A086-50C7-41CD-9950-4A55FAB15F6A}.Release|x86.ActiveCfg = Release|Any CPU
		{D411CB38-CDF0-4BD1-9C83-57B5281965FB}.Debug|Any CPU.ActiveCfg = Debug|Any CPU
		{D411CB38-CDF0-4BD1-9C83-57B5281965FB}.Debug|Any CPU.Build.0 = Debug|Any CPU
		{D411CB38-CDF0-4BD1-9C83-57B5281965FB}.Debug|Mixed Platforms.ActiveCfg = Debug|Any CPU
		{D411CB38-CDF0-4BD1-9C83-57B5281965FB}.Debug|Mixed Platforms.Build.0 = Debug|Any CPU
		{D411CB38-CDF0-4BD1-9C83-57B5281965FB}.Debug|x64.ActiveCfg = Debug|Any CPU
		{D411CB38-CDF0-4BD1-9C83-57B5281965FB}.Debug|x86.ActiveCfg = Debug|Any CPU
		{D411CB38-CDF0-4BD1-9C83-57B5281965FB}.Release|Any CPU.ActiveCfg = Release|Any CPU
		{D411CB38-CDF0-4BD1-9C83-57B5281965FB}.Release|Any CPU.Build.0 = Release|Any CPU
		{D411CB38-CDF0-4BD1-9C83-57B5281965FB}.Release|Mixed Platforms.ActiveCfg = Release|Any CPU
		{D411CB38-CDF0-4BD1-9C83-57B5281965FB}.Release|Mixed Platforms.Build.0 = Release|Any CPU
		{D411CB38-CDF0-4BD1-9C83-57B5281965FB}.Release|x64.ActiveCfg = Release|Any CPU
		{D411CB38-CDF0-4BD1-9C83-57B5281965FB}.Release|x86.ActiveCfg = Release|Any CPU
		{98394E7E-03CA-4E75-B2B6-EC201ABC2049}.Debug|Any CPU.ActiveCfg = Debug|Any CPU
		{98394E7E-03CA-4E75-B2B6-EC201ABC2049}.Debug|Any CPU.Build.0 = Debug|Any CPU
		{98394E7E-03CA-4E75-B2B6-EC201ABC2049}.Debug|Mixed Platforms.ActiveCfg = Debug|Any CPU
		{98394E7E-03CA-4E75-B2B6-EC201ABC2049}.Debug|Mixed Platforms.Build.0 = Debug|Any CPU
		{98394E7E-03CA-4E75-B2B6-EC201ABC2049}.Debug|x64.ActiveCfg = Debug|Any CPU
		{98394E7E-03CA-4E75-B2B6-EC201ABC2049}.Debug|x86.ActiveCfg = Debug|Any CPU
		{98394E7E-03CA-4E75-B2B6-EC201ABC2049}.Release|Any CPU.ActiveCfg = Release|Any CPU
		{98394E7E-03CA-4E75-B2B6-EC201ABC2049}.Release|Any CPU.Build.0 = Release|Any CPU
		{98394E7E-03CA-4E75-B2B6-EC201ABC2049}.Release|Mixed Platforms.ActiveCfg = Release|Any CPU
		{98394E7E-03CA-4E75-B2B6-EC201ABC2049}.Release|Mixed Platforms.Build.0 = Release|Any CPU
		{98394E7E-03CA-4E75-B2B6-EC201ABC2049}.Release|x64.ActiveCfg = Release|Any CPU
		{98394E7E-03CA-4E75-B2B6-EC201ABC2049}.Release|x86.ActiveCfg = Release|Any CPU
		{CEE3E2E6-58DB-4F65-827D-B1854E6FBBF0}.Debug|Any CPU.ActiveCfg = Debug|Any CPU
		{CEE3E2E6-58DB-4F65-827D-B1854E6FBBF0}.Debug|Any CPU.Build.0 = Debug|Any CPU
		{CEE3E2E6-58DB-4F65-827D-B1854E6FBBF0}.Debug|Mixed Platforms.ActiveCfg = Debug|Any CPU
		{CEE3E2E6-58DB-4F65-827D-B1854E6FBBF0}.Debug|Mixed Platforms.Build.0 = Debug|Any CPU
		{CEE3E2E6-58DB-4F65-827D-B1854E6FBBF0}.Debug|x64.ActiveCfg = Debug|Any CPU
		{CEE3E2E6-58DB-4F65-827D-B1854E6FBBF0}.Debug|x86.ActiveCfg = Debug|Any CPU
		{CEE3E2E6-58DB-4F65-827D-B1854E6FBBF0}.Release|Any CPU.ActiveCfg = Release|Any CPU
		{CEE3E2E6-58DB-4F65-827D-B1854E6FBBF0}.Release|Any CPU.Build.0 = Release|Any CPU
		{CEE3E2E6-58DB-4F65-827D-B1854E6FBBF0}.Release|Mixed Platforms.ActiveCfg = Release|Any CPU
		{CEE3E2E6-58DB-4F65-827D-B1854E6FBBF0}.Release|Mixed Platforms.Build.0 = Release|Any CPU
		{CEE3E2E6-58DB-4F65-827D-B1854E6FBBF0}.Release|x64.ActiveCfg = Release|Any CPU
		{CEE3E2E6-58DB-4F65-827D-B1854E6FBBF0}.Release|x86.ActiveCfg = Release|Any CPU
	EndGlobalSection
	GlobalSection(SolutionProperties) = preSolution
		HideSolutionNode = FALSE
	EndGlobalSection
EndGlobal
